
Microsoft Visual Studio Solution File, Format Version 12.00
# Visual Studio Version 17
VisualStudioVersion = 17.0.31919.166
MinimumVisualStudioVersion = 10.0.40219.1
Project("{9A19103F-16F7-4668-BE54-9A1E7A4F7556}") = "Libraries.SqlDBConnector", "Libraries.SqlDBConnector\Libraries.SqlDBConnector.csproj", "{A7B0DDF3-DFF9-4A2F-84C6-183A3D60EAE2}"
EndProject
Project("{9A19103F-16F7-4668-BE54-9A1E7A4F7556}") = "Libraries.SqlDBConnector.Tests", "Libraries.SqlDBConnector.Tests\Libraries.SqlDBConnector.Tests.csproj", "{79FF0C02-71CC-4035-B7EB-584EC23DAB01}"
EndProject
Project("{FAE04EC0-301F-11D3-BF4B-00C04F79EFBC}") = "Libraries.SignalR", "Libraries.SignalR\Libraries.SignalR.csproj", "{DCC72937-FB9A-4F28-BCFD-8FA2521FE569}"
EndProject
Project("{FAE04EC0-301F-11D3-BF4B-00C04F79EFBC}") = "Libraries.AuthService", "Libraries.AuthService\Libraries.AuthService.csproj", "{C89D110D-3456-4F9C-A43A-7022E00AB19C}"
EndProject
Project("{FAE04EC0-301F-11D3-BF4B-00C04F79EFBC}") = "Libraries.AuthService.Tests", "Libraries.AuthService.Tests\Libraries.AuthService.Tests.csproj", "{A6F537E1-591B-4261-BA57-A1842C6882DF}"
EndProject
Global
	GlobalSection(SolutionConfigurationPlatforms) = preSolution
		Debug|Any CPU = Debug|Any CPU
		Release|Any CPU = Release|Any CPU
	EndGlobalSection
	GlobalSection(ProjectConfigurationPlatforms) = postSolution
		{A7B0DDF3-DFF9-4A2F-84C6-183A3D60EAE2}.Debug|Any CPU.ActiveCfg = Debug|Any CPU
		{A7B0DDF3-DFF9-4A2F-84C6-183A3D60EAE2}.Debug|Any CPU.Build.0 = Debug|Any CPU
		{A7B0DDF3-DFF9-4A2F-84C6-183A3D60EAE2}.Release|Any CPU.ActiveCfg = Release|Any CPU
		{A7B0DDF3-DFF9-4A2F-84C6-183A3D60EAE2}.Release|Any CPU.Build.0 = Release|Any CPU
		{79FF0C02-71CC-4035-B7EB-584EC23DAB01}.Debug|Any CPU.ActiveCfg = Debug|Any CPU
		{79FF0C02-71CC-4035-B7EB-584EC23DAB01}.Debug|Any CPU.Build.0 = Debug|Any CPU
		{79FF0C02-71CC-4035-B7EB-584EC23DAB01}.Release|Any CPU.ActiveCfg = Release|Any CPU
		{79FF0C02-71CC-4035-B7EB-584EC23DAB01}.Release|Any CPU.Build.0 = Release|Any CPU
		{DCC72937-FB9A-4F28-BCFD-8FA2521FE569}.Debug|Any CPU.ActiveCfg = Debug|Any CPU
		{DCC72937-FB9A-4F28-BCFD-8FA2521FE569}.Debug|Any CPU.Build.0 = Debug|Any CPU
		{DCC72937-FB9A-4F28-BCFD-8FA2521FE569}.Release|Any CPU.ActiveCfg = Release|Any CPU
		{DCC72937-FB9A-4F28-BCFD-8FA2521FE569}.Release|Any CPU.Build.0 = Release|Any CPU
		{C89D110D-3456-4F9C-A43A-7022E00AB19C}.Debug|Any CPU.ActiveCfg = Debug|Any CPU
		{C89D110D-3456-4F9C-A43A-7022E00AB19C}.Debug|Any CPU.Build.0 = Debug|Any CPU
		{C89D110D-3456-4F9C-A43A-7022E00AB19C}.Release|Any CPU.ActiveCfg = Release|Any CPU
		{C89D110D-3456-4F9C-A43A-7022E00AB19C}.Release|Any CPU.Build.0 = Release|Any CPU
		{A6F537E1-591B-4261-BA57-A1842C6882DF}.Debug|Any CPU.ActiveCfg = Debug|Any CPU
		{A6F537E1-591B-4261-BA57-A1842C6882DF}.Debug|Any CPU.Build.0 = Debug|Any CPU
		{A6F537E1-591B-4261-BA57-A1842C6882DF}.Release|Any CPU.ActiveCfg = Release|Any CPU
		{A6F537E1-591B-4261-BA57-A1842C6882DF}.Release|Any CPU.Build.0 = Release|Any CPU
	EndGlobalSection
	GlobalSection(SolutionProperties) = preSolution
		HideSolutionNode = FALSE
	EndGlobalSection
	GlobalSection(ExtensibilityGlobals) = postSolution
		SolutionGuid = {D3DF4C8E-59E2-4E41-B4F0-0CF0FB880334}
	EndGlobalSection
EndGlobal
